// !$*UTF8*$!
{
	archiveVersion = 1;
	classes = {
	};
	objectVersion = 51;
	objects = {

/* Begin PBXBuildFile section */
		23A6E1212CFC6082928D0CF7 /* Pods_ParstagramTests.framework in Frameworks */ = {isa = PBXBuildFile; fileRef = EDEA059DA1AA88D2854208D7 /* Pods_ParstagramTests.framework */; };
		A57255121509AC24848FFC58 /* Pods_Parstagram_ParstagramUITests.framework in Frameworks */ = {isa = PBXBuildFile; fileRef = 131C7DF56F859D9B46AA28BE /* Pods_Parstagram_ParstagramUITests.framework */; };
		BFBA1452E06EFF26CB9AFE2F /* Pods_Parstagram.framework in Frameworks */ = {isa = PBXBuildFile; fileRef = FA40533EEB102D6E81CBAEFC /* Pods_Parstagram.framework */; };
		CB157FED260D5794001B1F0D /* CommentCell.swift in Sources */ = {isa = PBXBuildFile; fileRef = CB157FEC260D5794001B1F0D /* CommentCell.swift */; };
		CB7B64972602C35E006D69CC /* LoginViewController.swift in Sources */ = {isa = PBXBuildFile; fileRef = CB7B64962602C35E006D69CC /* LoginViewController.swift */; };
		CB7B649C2602C36B006D69CC /* FeedViewController.swift in Sources */ = {isa = PBXBuildFile; fileRef = CB7B649B2602C36B006D69CC /* FeedViewController.swift */; };
		CB7B64A12602CDA7006D69CC /* CameraViewController.swift in Sources */ = {isa = PBXBuildFile; fileRef = CB7B64A02602CDA7006D69CC /* CameraViewController.swift */; };
		CB7B64B12602DA3E006D69CC /* PostCell.swift in Sources */ = {isa = PBXBuildFile; fileRef = CB7B64B02602DA3E006D69CC /* PostCell.swift */; };
		CBE77856260272AB00CAF816 /* AppDelegate.swift in Sources */ = {isa = PBXBuildFile; fileRef = CBE77855260272AB00CAF816 /* AppDelegate.swift */; };
		CBE77858260272AB00CAF816 /* SceneDelegate.swift in Sources */ = {isa = PBXBuildFile; fileRef = CBE77857260272AB00CAF816 /* SceneDelegate.swift */; };
		CBE7785D260272AB00CAF816 /* Main.storyboard in Resources */ = {isa = PBXBuildFile; fileRef = CBE7785B260272AB00CAF816 /* Main.storyboard */; };
		CBE7785F260272AE00CAF816 /* Assets.xcassets in Resources */ = {isa = PBXBuildFile; fileRef = CBE7785E260272AE00CAF816 /* Assets.xcassets */; };
		CBE77862260272AE00CAF816 /* LaunchScreen.storyboard in Resources */ = {isa = PBXBuildFile; fileRef = CBE77860260272AE00CAF816 /* LaunchScreen.storyboard */; };
		CBE7786D260272AF00CAF816 /* ParstagramTests.swift in Sources */ = {isa = PBXBuildFile; fileRef = CBE7786C260272AF00CAF816 /* ParstagramTests.swift */; };
		CBE77878260272AF00CAF816 /* ParstagramUITests.swift in Sources */ = {isa = PBXBuildFile; fileRef = CBE77877260272AF00CAF816 /* ParstagramUITests.swift */; };
/* End PBXBuildFile section */

/* Begin PBXContainerItemProxy section */
		CBE77869260272AF00CAF816 /* PBXContainerItemProxy */ = {
			isa = PBXContainerItemProxy;
			containerPortal = CBE7784A260272AB00CAF816 /* Project object */;
			proxyType = 1;
			remoteGlobalIDString = CBE77851260272AB00CAF816;
			remoteInfo = Parstagram;
		};
		CBE77874260272AF00CAF816 /* PBXContainerItemProxy */ = {
			isa = PBXContainerItemProxy;
			containerPortal = CBE7784A260272AB00CAF816 /* Project object */;
			proxyType = 1;
			remoteGlobalIDString = CBE77851260272AB00CAF816;
			remoteInfo = Parstagram;
		};
/* End PBXContainerItemProxy section */

/* Begin PBXFileReference section */
		131C7DF56F859D9B46AA28BE /* Pods_Parstagram_ParstagramUITests.framework */ = {isa = PBXFileReference; explicitFileType = wrapper.framework; includeInIndex = 0; path = Pods_Parstagram_ParstagramUITests.framework; sourceTree = BUILT_PRODUCTS_DIR; };
		55B486B1E51E3B5174B13C99 /* Pods-Parstagram.debug.xcconfig */ = {isa = PBXFileReference; includeInIndex = 1; lastKnownFileType = text.xcconfig; name = "Pods-Parstagram.debug.xcconfig"; path = "Target Support Files/Pods-Parstagram/Pods-Parstagram.debug.xcconfig"; sourceTree = "<group>"; };
		9A2560D6A5975BC96A396B28 /* Pods-Parstagram.release.xcconfig */ = {isa = PBXFileReference; includeInIndex = 1; lastKnownFileType = text.xcconfig; name = "Pods-Parstagram.release.xcconfig"; path = "Target Support Files/Pods-Parstagram/Pods-Parstagram.release.xcconfig"; sourceTree = "<group>"; };
		9C91E4EB9691DC708898172B /* Pods-Parstagram-ParstagramUITests.debug.xcconfig */ = {isa = PBXFileReference; includeInIndex = 1; lastKnownFileType = text.xcconfig; name = "Pods-Parstagram-ParstagramUITests.debug.xcconfig"; path = "Target Support Files/Pods-Parstagram-ParstagramUITests/Pods-Parstagram-ParstagramUITests.debug.xcconfig"; sourceTree = "<group>"; };
		A02408A5B0C1DDD292CEDB0F /* Pods-ParstagramTests.debug.xcconfig */ = {isa = PBXFileReference; includeInIndex = 1; lastKnownFileType = text.xcconfig; name = "Pods-ParstagramTests.debug.xcconfig"; path = "Target Support Files/Pods-ParstagramTests/Pods-ParstagramTests.debug.xcconfig"; sourceTree = "<group>"; };
		C4034916EA2A7C744E5766A5 /* Pods-Parstagram-ParstagramUITests.release.xcconfig */ = {isa = PBXFileReference; includeInIndex = 1; lastKnownFileType = text.xcconfig; name = "Pods-Parstagram-ParstagramUITests.release.xcconfig"; path = "Target Support Files/Pods-Parstagram-ParstagramUITests/Pods-Parstagram-ParstagramUITests.release.xcconfig"; sourceTree = "<group>"; };
		CB157FEC260D5794001B1F0D /* CommentCell.swift */ = {isa = PBXFileReference; lastKnownFileType = sourcecode.swift; path = CommentCell.swift; sourceTree = "<group>"; };
		CB7B64962602C35E006D69CC /* LoginViewController.swift */ = {isa = PBXFileReference; lastKnownFileType = sourcecode.swift; path = LoginViewController.swift; sourceTree = "<group>"; };
		CB7B649B2602C36B006D69CC /* FeedViewController.swift */ = {isa = PBXFileReference; lastKnownFileType = sourcecode.swift; path = FeedViewController.swift; sourceTree = "<group>"; };
		CB7B64A02602CDA7006D69CC /* CameraViewController.swift */ = {isa = PBXFileReference; lastKnownFileType = sourcecode.swift; path = CameraViewController.swift; sourceTree = "<group>"; };
		CB7B64B02602DA3E006D69CC /* PostCell.swift */ = {isa = PBXFileReference; lastKnownFileType = sourcecode.swift; path = PostCell.swift; sourceTree = "<group>"; };
		CBE77852260272AB00CAF816 /* Parstagram.app */ = {isa = PBXFileReference; explicitFileType = wrapper.application; includeInIndex = 0; path = Parstagram.app; sourceTree = BUILT_PRODUCTS_DIR; };
		CBE77855260272AB00CAF816 /* AppDelegate.swift */ = {isa = PBXFileReference; lastKnownFileType = sourcecode.swift; path = AppDelegate.swift; sourceTree = "<group>"; };
		CBE77857260272AB00CAF816 /* SceneDelegate.swift */ = {isa = PBXFileReference; lastKnownFileType = sourcecode.swift; path = SceneDelegate.swift; sourceTree = "<group>"; };
		CBE7785C260272AB00CAF816 /* Base */ = {isa = PBXFileReference; lastKnownFileType = file.storyboard; name = Base; path = Base.lproj/Main.storyboard; sourceTree = "<group>"; };
		CBE7785E260272AE00CAF816 /* Assets.xcassets */ = {isa = PBXFileReference; lastKnownFileType = folder.assetcatalog; path = Assets.xcassets; sourceTree = "<group>"; };
		CBE77861260272AE00CAF816 /* Base */ = {isa = PBXFileReference; lastKnownFileType = file.storyboard; name = Base; path = Base.lproj/LaunchScreen.storyboard; sourceTree = "<group>"; };
		CBE77863260272AE00CAF816 /* Info.plist */ = {isa = PBXFileReference; lastKnownFileType = text.plist.xml; path = Info.plist; sourceTree = "<group>"; };
		CBE77868260272AF00CAF816 /* ParstagramTests.xctest */ = {isa = PBXFileReference; explicitFileType = wrapper.cfbundle; includeInIndex = 0; path = ParstagramTests.xctest; sourceTree = BUILT_PRODUCTS_DIR; };
		CBE7786C260272AF00CAF816 /* ParstagramTests.swift */ = {isa = PBXFileReference; lastKnownFileType = sourcecode.swift; path = ParstagramTests.swift; sourceTree = "<group>"; };
		CBE7786E260272AF00CAF816 /* Info.plist */ = {isa = PBXFileReference; lastKnownFileType = text.plist.xml; path = Info.plist; sourceTree = "<group>"; };
		CBE77873260272AF00CAF816 /* ParstagramUITests.xctest */ = {isa = PBXFileReference; explicitFileType = wrapper.cfbundle; includeInIndex = 0; path = ParstagramUITests.xctest; sourceTree = BUILT_PRODUCTS_DIR; };
		CBE77877260272AF00CAF816 /* ParstagramUITests.swift */ = {isa = PBXFileReference; lastKnownFileType = sourcecode.swift; path = ParstagramUITests.swift; sourceTree = "<group>"; };
		CBE77879260272AF00CAF816 /* Info.plist */ = {isa = PBXFileReference; lastKnownFileType = text.plist.xml; path = Info.plist; sourceTree = "<group>"; };
		CE4E390566D64E06EA9A24E3 /* Pods-ParstagramTests.release.xcconfig */ = {isa = PBXFileReference; includeInIndex = 1; lastKnownFileType = text.xcconfig; name = "Pods-ParstagramTests.release.xcconfig"; path = "Target Support Files/Pods-ParstagramTests/Pods-ParstagramTests.release.xcconfig"; sourceTree = "<group>"; };
		EDEA059DA1AA88D2854208D7 /* Pods_ParstagramTests.framework */ = {isa = PBXFileReference; explicitFileType = wrapper.framework; includeInIndex = 0; path = Pods_ParstagramTests.framework; sourceTree = BUILT_PRODUCTS_DIR; };
		FA40533EEB102D6E81CBAEFC /* Pods_Parstagram.framework */ = {isa = PBXFileReference; explicitFileType = wrapper.framework; includeInIndex = 0; path = Pods_Parstagram.framework; sourceTree = BUILT_PRODUCTS_DIR; };
/* End PBXFileReference section */

/* Begin PBXFrameworksBuildPhase section */
		CBE7784F260272AB00CAF816 /* Frameworks */ = {
			isa = PBXFrameworksBuildPhase;
			buildActionMask = 2147483647;
			files = (
				BFBA1452E06EFF26CB9AFE2F /* Pods_Parstagram.framework in Frameworks */,
			);
			runOnlyForDeploymentPostprocessing = 0;
		};
		CBE77865260272AF00CAF816 /* Frameworks */ = {
			isa = PBXFrameworksBuildPhase;
			buildActionMask = 2147483647;
			files = (
				23A6E1212CFC6082928D0CF7 /* Pods_ParstagramTests.framework in Frameworks */,
			);
			runOnlyForDeploymentPostprocessing = 0;
		};
		CBE77870260272AF00CAF816 /* Frameworks */ = {
			isa = PBXFrameworksBuildPhase;
			buildActionMask = 2147483647;
			files = (
				A57255121509AC24848FFC58 /* Pods_Parstagram_ParstagramUITests.framework in Frameworks */,
			);
			runOnlyForDeploymentPostprocessing = 0;
		};
/* End PBXFrameworksBuildPhase section */

/* Begin PBXGroup section */
		2796EA1DA78B26F96081E6DF /* Frameworks */ = {
			isa = PBXGroup;
			children = (
				FA40533EEB102D6E81CBAEFC /* Pods_Parstagram.framework */,
				131C7DF56F859D9B46AA28BE /* Pods_Parstagram_ParstagramUITests.framework */,
				EDEA059DA1AA88D2854208D7 /* Pods_ParstagramTests.framework */,
			);
			name = Frameworks;
			sourceTree = "<group>";
		};
		65166C6456D2EB6346E74C8A /* Pods */ = {
			isa = PBXGroup;
			children = (
				55B486B1E51E3B5174B13C99 /* Pods-Parstagram.debug.xcconfig */,
				9A2560D6A5975BC96A396B28 /* Pods-Parstagram.release.xcconfig */,
				9C91E4EB9691DC708898172B /* Pods-Parstagram-ParstagramUITests.debug.xcconfig */,
				C4034916EA2A7C744E5766A5 /* Pods-Parstagram-ParstagramUITests.release.xcconfig */,
				A02408A5B0C1DDD292CEDB0F /* Pods-ParstagramTests.debug.xcconfig */,
				CE4E390566D64E06EA9A24E3 /* Pods-ParstagramTests.release.xcconfig */,
			);
			path = Pods;
			sourceTree = "<group>";
		};
		CBE77849260272AB00CAF816 = {
			isa = PBXGroup;
			children = (
				CBE77854260272AB00CAF816 /* Parstagram */,
				CBE7786B260272AF00CAF816 /* ParstagramTests */,
				CBE77876260272AF00CAF816 /* ParstagramUITests */,
				CBE77853260272AB00CAF816 /* Products */,
				65166C6456D2EB6346E74C8A /* Pods */,
				2796EA1DA78B26F96081E6DF /* Frameworks */,
			);
			sourceTree = "<group>";
		};
		CBE77853260272AB00CAF816 /* Products */ = {
			isa = PBXGroup;
			children = (
				CBE77852260272AB00CAF816 /* Parstagram.app */,
				CBE77868260272AF00CAF816 /* ParstagramTests.xctest */,
				CBE77873260272AF00CAF816 /* ParstagramUITests.xctest */,
			);
			name = Products;
			sourceTree = "<group>";
		};
		CBE77854260272AB00CAF816 /* Parstagram */ = {
			isa = PBXGroup;
			children = (
				CBE77855260272AB00CAF816 /* AppDelegate.swift */,
				CBE77857260272AB00CAF816 /* SceneDelegate.swift */,
				CBE7785B260272AB00CAF816 /* Main.storyboard */,
				CBE7785E260272AE00CAF816 /* Assets.xcassets */,
				CBE77860260272AE00CAF816 /* LaunchScreen.storyboard */,
				CBE77863260272AE00CAF816 /* Info.plist */,
				CB7B64962602C35E006D69CC /* LoginViewController.swift */,
				CB7B649B2602C36B006D69CC /* FeedViewController.swift */,
				CB7B64A02602CDA7006D69CC /* CameraViewController.swift */,
				CB7B64B02602DA3E006D69CC /* PostCell.swift */,
				CB157FEC260D5794001B1F0D /* CommentCell.swift */,
			);
			path = Parstagram;
			sourceTree = "<group>";
		};
		CBE7786B260272AF00CAF816 /* ParstagramTests */ = {
			isa = PBXGroup;
			children = (
				CBE7786C260272AF00CAF816 /* ParstagramTests.swift */,
				CBE7786E260272AF00CAF816 /* Info.plist */,
			);
			path = ParstagramTests;
			sourceTree = "<group>";
		};
		CBE77876260272AF00CAF816 /* ParstagramUITests */ = {
			isa = PBXGroup;
			children = (
				CBE77877260272AF00CAF816 /* ParstagramUITests.swift */,
				CBE77879260272AF00CAF816 /* Info.plist */,
			);
			path = ParstagramUITests;
			sourceTree = "<group>";
		};
/* End PBXGroup section */

/* Begin PBXNativeTarget section */
		CBE77851260272AB00CAF816 /* Parstagram */ = {
			isa = PBXNativeTarget;
			buildConfigurationList = CBE7787C260272AF00CAF816 /* Build configuration list for PBXNativeTarget "Parstagram" */;
			buildPhases = (
				0C295A0F6F700F2BD1C6F54B /* [CP] Check Pods Manifest.lock */,
				CBE7784E260272AB00CAF816 /* Sources */,
				CBE7784F260272AB00CAF816 /* Frameworks */,
				CBE77850260272AB00CAF816 /* Resources */,
				0CEE8898FB71078227268777 /* [CP] Embed Pods Frameworks */,
			);
			buildRules = (
			);
			dependencies = (
			);
			name = Parstagram;
			productName = Parstagram;
			productReference = CBE77852260272AB00CAF816 /* Parstagram.app */;
			productType = "com.apple.product-type.application";
		};
		CBE77867260272AF00CAF816 /* ParstagramTests */ = {
			isa = PBXNativeTarget;
			buildConfigurationList = CBE7787F260272AF00CAF816 /* Build configuration list for PBXNativeTarget "ParstagramTests" */;
			buildPhases = (
				F42C93230C783727A117925C /* [CP] Check Pods Manifest.lock */,
				CBE77864260272AF00CAF816 /* Sources */,
				CBE77865260272AF00CAF816 /* Frameworks */,
				CBE77866260272AF00CAF816 /* Resources */,
			);
			buildRules = (
			);
			dependencies = (
				CBE7786A260272AF00CAF816 /* PBXTargetDependency */,
			);
			name = ParstagramTests;
			productName = ParstagramTests;
			productReference = CBE77868260272AF00CAF816 /* ParstagramTests.xctest */;
			productType = "com.apple.product-type.bundle.unit-test";
		};
		CBE77872260272AF00CAF816 /* ParstagramUITests */ = {
			isa = PBXNativeTarget;
			buildConfigurationList = CBE77882260272AF00CAF816 /* Build configuration list for PBXNativeTarget "ParstagramUITests" */;
			buildPhases = (
				DEE107F432F399C6A3A093E6 /* [CP] Check Pods Manifest.lock */,
				CBE7786F260272AF00CAF816 /* Sources */,
				CBE77870260272AF00CAF816 /* Frameworks */,
				CBE77871260272AF00CAF816 /* Resources */,
				5D731CD23AA82C52DF7422E0 /* [CP] Embed Pods Frameworks */,
			);
			buildRules = (
			);
			dependencies = (
				CBE77875260272AF00CAF816 /* PBXTargetDependency */,
			);
			name = ParstagramUITests;
			productName = ParstagramUITests;
			productReference = CBE77873260272AF00CAF816 /* ParstagramUITests.xctest */;
			productType = "com.apple.product-type.bundle.ui-testing";
		};
/* End PBXNativeTarget section */

/* Begin PBXProject section */
		CBE7784A260272AB00CAF816 /* Project object */ = {
			isa = PBXProject;
			attributes = {
				LastSwiftUpdateCheck = 1210;
				LastUpgradeCheck = 1210;
				TargetAttributes = {
					CBE77851260272AB00CAF816 = {
						CreatedOnToolsVersion = 12.1;
					};
					CBE77867260272AF00CAF816 = {
						CreatedOnToolsVersion = 12.1;
						TestTargetID = CBE77851260272AB00CAF816;
					};
					CBE77872260272AF00CAF816 = {
						CreatedOnToolsVersion = 12.1;
						TestTargetID = CBE77851260272AB00CAF816;
					};
				};
			};
			buildConfigurationList = CBE7784D260272AB00CAF816 /* Build configuration list for PBXProject "Parstagram" */;
			compatibilityVersion = "Xcode 9.3";
			developmentRegion = en;
			hasScannedForEncodings = 0;
			knownRegions = (
				en,
				Base,
			);
			mainGroup = CBE77849260272AB00CAF816;
			productRefGroup = CBE77853260272AB00CAF816 /* Products */;
			projectDirPath = "";
			projectRoot = "";
			targets = (
				CBE77851260272AB00CAF816 /* Parstagram */,
				CBE77867260272AF00CAF816 /* ParstagramTests */,
				CBE77872260272AF00CAF816 /* ParstagramUITests */,
			);
		};
/* End PBXProject section */

/* Begin PBXResourcesBuildPhase section */
		CBE77850260272AB00CAF816 /* Resources */ = {
			isa = PBXResourcesBuildPhase;
			buildActionMask = 2147483647;
			files = (
				CBE77862260272AE00CAF816 /* LaunchScreen.storyboard in Resources */,
				CBE7785F260272AE00CAF816 /* Assets.xcassets in Resources */,
				CBE7785D260272AB00CAF816 /* Main.storyboard in Resources */,
			);
			runOnlyForDeploymentPostprocessing = 0;
		};
		CBE77866260272AF00CAF816 /* Resources */ = {
			isa = PBXResourcesBuildPhase;
			buildActionMask = 2147483647;
			files = (
			);
			runOnlyForDeploymentPostprocessing = 0;
		};
		CBE77871260272AF00CAF816 /* Resources */ = {
			isa = PBXResourcesBuildPhase;
			buildActionMask = 2147483647;
			files = (
			);
			runOnlyForDeploymentPostprocessing = 0;
		};
/* End PBXResourcesBuildPhase section */

/* Begin PBXShellScriptBuildPhase section */
		0C295A0F6F700F2BD1C6F54B /* [CP] Check Pods Manifest.lock */ = {
			isa = PBXShellScriptBuildPhase;
			buildActionMask = 2147483647;
			files = (
			);
			inputFileListPaths = (
			);
			inputPaths = (
				"${PODS_PODFILE_DIR_PATH}/Podfile.lock",
				"${PODS_ROOT}/Manifest.lock",
			);
			name = "[CP] Check Pods Manifest.lock";
			outputFileListPaths = (
			);
			outputPaths = (
				"$(DERIVED_FILE_DIR)/Pods-Parstagram-checkManifestLockResult.txt",
			);
			runOnlyForDeploymentPostprocessing = 0;
			shellPath = /bin/sh;
			shellScript = "diff \"${PODS_PODFILE_DIR_PATH}/Podfile.lock\" \"${PODS_ROOT}/Manifest.lock\" > /dev/null\nif [ $? != 0 ] ; then\n    # print error to STDERR\n    echo \"error: The sandbox is not in sync with the Podfile.lock. Run 'pod install' or update your CocoaPods installation.\" >&2\n    exit 1\nfi\n# This output is used by Xcode 'outputs' to avoid re-running this script phase.\necho \"SUCCESS\" > \"${SCRIPT_OUTPUT_FILE_0}\"\n";
			showEnvVarsInLog = 0;
		};
		0CEE8898FB71078227268777 /* [CP] Embed Pods Frameworks */ = {
			isa = PBXShellScriptBuildPhase;
			buildActionMask = 2147483647;
			files = (
			);
			inputFileListPaths = (
				"${PODS_ROOT}/Target Support Files/Pods-Parstagram/Pods-Parstagram-frameworks-${CONFIGURATION}-input-files.xcfilelist",
			);
			name = "[CP] Embed Pods Frameworks";
			outputFileListPaths = (
				"${PODS_ROOT}/Target Support Files/Pods-Parstagram/Pods-Parstagram-frameworks-${CONFIGURATION}-output-files.xcfilelist",
			);
			runOnlyForDeploymentPostprocessing = 0;
			shellPath = /bin/sh;
			shellScript = "\"${PODS_ROOT}/Target Support Files/Pods-Parstagram/Pods-Parstagram-frameworks.sh\"\n";
			showEnvVarsInLog = 0;
		};
		5D731CD23AA82C52DF7422E0 /* [CP] Embed Pods Frameworks */ = {
			isa = PBXShellScriptBuildPhase;
			buildActionMask = 2147483647;
			files = (
			);
			inputFileListPaths = (
				"${PODS_ROOT}/Target Support Files/Pods-Parstagram-ParstagramUITests/Pods-Parstagram-ParstagramUITests-frameworks-${CONFIGURATION}-input-files.xcfilelist",
			);
			name = "[CP] Embed Pods Frameworks";
			outputFileListPaths = (
				"${PODS_ROOT}/Target Support Files/Pods-Parstagram-ParstagramUITests/Pods-Parstagram-ParstagramUITests-frameworks-${CONFIGURATION}-output-files.xcfilelist",
			);
			runOnlyForDeploymentPostprocessing = 0;
			shellPath = /bin/sh;
			shellScript = "\"${PODS_ROOT}/Target Support Files/Pods-Parstagram-ParstagramUITests/Pods-Parstagram-ParstagramUITests-frameworks.sh\"\n";
			showEnvVarsInLog = 0;
		};
		DEE107F432F399C6A3A093E6 /* [CP] Check Pods Manifest.lock */ = {
			isa = PBXShellScriptBuildPhase;
			buildActionMask = 2147483647;
			files = (
			);
			inputFileListPaths = (
			);
			inputPaths = (
				"${PODS_PODFILE_DIR_PATH}/Podfile.lock",
				"${PODS_ROOT}/Manifest.lock",
			);
			name = "[CP] Check Pods Manifest.lock";
			outputFileListPaths = (
			);
			outputPaths = (
				"$(DERIVED_FILE_DIR)/Pods-Parstagram-ParstagramUITests-checkManifestLockResult.txt",
			);
			runOnlyForDeploymentPostprocessing = 0;
			shellPath = /bin/sh;
			shellScript = "diff \"${PODS_PODFILE_DIR_PATH}/Podfile.lock\" \"${PODS_ROOT}/Manifest.lock\" > /dev/null\nif [ $? != 0 ] ; then\n    # print error to STDERR\n    echo \"error: The sandbox is not in sync with the Podfile.lock. Run 'pod install' or update your CocoaPods installation.\" >&2\n    exit 1\nfi\n# This output is used by Xcode 'outputs' to avoid re-running this script phase.\necho \"SUCCESS\" > \"${SCRIPT_OUTPUT_FILE_0}\"\n";
			showEnvVarsInLog = 0;
		};
		F42C93230C783727A117925C /* [CP] Check Pods Manifest.lock */ = {
			isa = PBXShellScriptBuildPhase;
			buildActionMask = 2147483647;
			files = (
			);
			inputFileListPaths = (
			);
			inputPaths = (
				"${PODS_PODFILE_DIR_PATH}/Podfile.lock",
				"${PODS_ROOT}/Manifest.lock",
			);
			name = "[CP] Check Pods Manifest.lock";
			outputFileListPaths = (
			);
			outputPaths = (
				"$(DERIVED_FILE_DIR)/Pods-ParstagramTests-checkManifestLockResult.txt",
			);
			runOnlyForDeploymentPostprocessing = 0;
			shellPath = /bin/sh;
			shellScript = "diff \"${PODS_PODFILE_DIR_PATH}/Podfile.lock\" \"${PODS_ROOT}/Manifest.lock\" > /dev/null\nif [ $? != 0 ] ; then\n    # print error to STDERR\n    echo \"error: The sandbox is not in sync with the Podfile.lock. Run 'pod install' or update your CocoaPods installation.\" >&2\n    exit 1\nfi\n# This output is used by Xcode 'outputs' to avoid re-running this script phase.\necho \"SUCCESS\" > \"${SCRIPT_OUTPUT_FILE_0}\"\n";
			showEnvVarsInLog = 0;
		};
/* End PBXShellScriptBuildPhase section */

/* Begin PBXSourcesBuildPhase section */
		CBE7784E260272AB00CAF816 /* Sources */ = {
			isa = PBXSourcesBuildPhase;
			buildActionMask = 2147483647;
			files = (
				CB7B64972602C35E006D69CC /* LoginViewController.swift in Sources */,
				CB7B64A12602CDA7006D69CC /* CameraViewController.swift in Sources */,
				CBE77856260272AB00CAF816 /* AppDelegate.swift in Sources */,
				CB7B649C2602C36B006D69CC /* FeedViewController.swift in Sources */,
				CBE77858260272AB00CAF816 /* SceneDelegate.swift in Sources */,
				CB7B64B12602DA3E006D69CC /* PostCell.swift in Sources */,
				CB157FED260D5794001B1F0D /* CommentCell.swift in Sources */,
			);
			runOnlyForDeploymentPostprocessing = 0;
		};
		CBE77864260272AF00CAF816 /* Sources */ = {
			isa = PBXSourcesBuildPhase;
			buildActionMask = 2147483647;
			files = (
				CBE7786D260272AF00CAF816 /* ParstagramTests.swift in Sources */,
			);
			runOnlyForDeploymentPostprocessing = 0;
		};
		CBE7786F260272AF00CAF816 /* Sources */ = {
			isa = PBXSourcesBuildPhase;
			buildActionMask = 2147483647;
			files = (
				CBE77878260272AF00CAF816 /* ParstagramUITests.swift in Sources */,
			);
			runOnlyForDeploymentPostprocessing = 0;
		};
/* End PBXSourcesBuildPhase section */

/* Begin PBXTargetDependency section */
		CBE7786A260272AF00CAF816 /* PBXTargetDependency */ = {
			isa = PBXTargetDependency;
			target = CBE77851260272AB00CAF816 /* Parstagram */;
			targetProxy = CBE77869260272AF00CAF816 /* PBXContainerItemProxy */;
		};
		CBE77875260272AF00CAF816 /* PBXTargetDependency */ = {
			isa = PBXTargetDependency;
			target = CBE77851260272AB00CAF816 /* Parstagram */;
			targetProxy = CBE77874260272AF00CAF816 /* PBXContainerItemProxy */;
		};
/* End PBXTargetDependency section */

/* Begin PBXVariantGroup section */
		CBE7785B260272AB00CAF816 /* Main.storyboard */ = {
			isa = PBXVariantGroup;
			children = (
				CBE7785C260272AB00CAF816 /* Base */,
			);
			name = Main.storyboard;
			sourceTree = "<group>";
		};
		CBE77860260272AE00CAF816 /* LaunchScreen.storyboard */ = {
			isa = PBXVariantGroup;
			children = (
				CBE77861260272AE00CAF816 /* Base */,
			);
			name = LaunchScreen.storyboard;
			sourceTree = "<group>";
		};
/* End PBXVariantGroup section */

/* Begin XCBuildConfiguration section */
		CBE7787A260272AF00CAF816 /* Debug */ = {
			isa = XCBuildConfiguration;
			buildSettings = {
				ALWAYS_SEARCH_USER_PATHS = NO;
				CLANG_ANALYZER_NONNULL = YES;
				CLANG_ANALYZER_NUMBER_OBJECT_CONVERSION = YES_AGGRESSIVE;
				CLANG_CXX_LANGUAGE_STANDARD = "gnu++14";
				CLANG_CXX_LIBRARY = "libc++";
				CLANG_ENABLE_MODULES = YES;
				CLANG_ENABLE_OBJC_ARC = YES;
				CLANG_ENABLE_OBJC_WEAK = YES;
				CLANG_WARN_BLOCK_CAPTURE_AUTORELEASING = YES;
				CLANG_WARN_BOOL_CONVERSION = YES;
				CLANG_WARN_COMMA = YES;
				CLANG_WARN_CONSTANT_CONVERSION = YES;
				CLANG_WARN_DEPRECATED_OBJC_IMPLEMENTATIONS = YES;
				CLANG_WARN_DIRECT_OBJC_ISA_USAGE = YES_ERROR;
				CLANG_WARN_DOCUMENTATION_COMMENTS = YES;
				CLANG_WARN_EMPTY_BODY = YES;
				CLANG_WARN_ENUM_CONVERSION = YES;
				CLANG_WARN_INFINITE_RECURSION = YES;
				CLANG_WARN_INT_CONVERSION = YES;
				CLANG_WARN_NON_LITERAL_NULL_CONVERSION = YES;
				CLANG_WARN_OBJC_IMPLICIT_RETAIN_SELF = YES;
				CLANG_WARN_OBJC_LITERAL_CONVERSION = YES;
				CLANG_WARN_OBJC_ROOT_CLASS = YES_ERROR;
				CLANG_WARN_QUOTED_INCLUDE_IN_FRAMEWORK_HEADER = YES;
				CLANG_WARN_RANGE_LOOP_ANALYSIS = YES;
				CLANG_WARN_STRICT_PROTOTYPES = YES;
				CLANG_WARN_SUSPICIOUS_MOVE = YES;
				CLANG_WARN_UNGUARDED_AVAILABILITY = YES_AGGRESSIVE;
				CLANG_WARN_UNREACHABLE_CODE = YES;
				CLANG_WARN__DUPLICATE_METHOD_MATCH = YES;
				COPY_PHASE_STRIP = NO;
				DEBUG_INFORMATION_FORMAT = dwarf;
				ENABLE_STRICT_OBJC_MSGSEND = YES;
				ENABLE_TESTABILITY = YES;
				GCC_C_LANGUAGE_STANDARD = gnu11;
				GCC_DYNAMIC_NO_PIC = NO;
				GCC_NO_COMMON_BLOCKS = YES;
				GCC_OPTIMIZATION_LEVEL = 0;
				GCC_PREPROCESSOR_DEFINITIONS = (
					"DEBUG=1",
					"$(inherited)",
				);
				GCC_WARN_64_TO_32_BIT_CONVERSION = YES;
				GCC_WARN_ABOUT_RETURN_TYPE = YES_ERROR;
				GCC_WARN_UNDECLARED_SELECTOR = YES;
				GCC_WARN_UNINITIALIZED_AUTOS = YES_AGGRESSIVE;
				GCC_WARN_UNUSED_FUNCTION = YES;
				GCC_WARN_UNUSED_VARIABLE = YES;
				IPHONEOS_DEPLOYMENT_TARGET = 14.1;
				MTL_ENABLE_DEBUG_INFO = INCLUDE_SOURCE;
				MTL_FAST_MATH = YES;
				ONLY_ACTIVE_ARCH = YES;
				SDKROOT = iphoneos;
				SWIFT_ACTIVE_COMPILATION_CONDITIONS = DEBUG;
				SWIFT_OPTIMIZATION_LEVEL = "-Onone";
			};
			name = Debug;
		};
		CBE7787B260272AF00CAF816 /* Release */ = {
			isa = XCBuildConfiguration;
			buildSettings = {
				ALWAYS_SEARCH_USER_PATHS = NO;
				CLANG_ANALYZER_NONNULL = YES;
				CLANG_ANALYZER_NUMBER_OBJECT_CONVERSION = YES_AGGRESSIVE;
				CLANG_CXX_LANGUAGE_STANDARD = "gnu++14";
				CLANG_CXX_LIBRARY = "libc++";
				CLANG_ENABLE_MODULES = YES;
				CLANG_ENABLE_OBJC_ARC = YES;
				CLANG_ENABLE_OBJC_WEAK = YES;
				CLANG_WARN_BLOCK_CAPTURE_AUTORELEASING = YES;
				CLANG_WARN_BOOL_CONVERSION = YES;
				CLANG_WARN_COMMA = YES;
				CLANG_WARN_CONSTANT_CONVERSION = YES;
				CLANG_WARN_DEPRECATED_OBJC_IMPLEMENTATIONS = YES;
				CLANG_WARN_DIRECT_OBJC_ISA_USAGE = YES_ERROR;
				CLANG_WARN_DOCUMENTATION_COMMENTS = YES;
				CLANG_WARN_EMPTY_BODY = YES;
				CLANG_WARN_ENUM_CONVERSION = YES;
				CLANG_WARN_INFINITE_RECURSION = YES;
				CLANG_WARN_INT_CONVERSION = YES;
				CLANG_WARN_NON_LITERAL_NULL_CONVERSION = YES;
				CLANG_WARN_OBJC_IMPLICIT_RETAIN_SELF = YES;
				CLANG_WARN_OBJC_LITERAL_CONVERSION = YES;
				CLANG_WARN_OBJC_ROOT_CLASS = YES_ERROR;
				CLANG_WARN_QUOTED_INCLUDE_IN_FRAMEWORK_HEADER = YES;
				CLANG_WARN_RANGE_LOOP_ANALYSIS = YES;
				CLANG_WARN_STRICT_PROTOTYPES = YES;
				CLANG_WARN_SUSPICIOUS_MOVE = YES;
				CLANG_WARN_UNGUARDED_AVAILABILITY = YES_AGGRESSIVE;
				CLANG_WARN_UNREACHABLE_CODE = YES;
				CLANG_WARN__DUPLICATE_METHOD_MATCH = YES;
				COPY_PHASE_STRIP = NO;
				DEBUG_INFORMATION_FORMAT = "dwarf-with-dsym";
				ENABLE_NS_ASSERTIONS = NO;
				ENABLE_STRICT_OBJC_MSGSEND = YES;
				GCC_C_LANGUAGE_STANDARD = gnu11;
				GCC_NO_COMMON_BLOCKS = YES;
				GCC_WARN_64_TO_32_BIT_CONVERSION = YES;
				GCC_WARN_ABOUT_RETURN_TYPE = YES_ERROR;
				GCC_WARN_UNDECLARED_SELECTOR = YES;
				GCC_WARN_UNINITIALIZED_AUTOS = YES_AGGRESSIVE;
				GCC_WARN_UNUSED_FUNCTION = YES;
				GCC_WARN_UNUSED_VARIABLE = YES;
				IPHONEOS_DEPLOYMENT_TARGET = 14.1;
				MTL_ENABLE_DEBUG_INFO = NO;
				MTL_FAST_MATH = YES;
				SDKROOT = iphoneos;
				SWIFT_COMPILATION_MODE = wholemodule;
				SWIFT_OPTIMIZATION_LEVEL = "-O";
				VALIDATE_PRODUCT = YES;
			};
			name = Release;
		};
		CBE7787D260272AF00CAF816 /* Debug */ = {
			isa = XCBuildConfiguration;
			baseConfigurationReference = 55B486B1E51E3B5174B13C99 /* Pods-Parstagram.debug.xcconfig */;
			buildSettings = {
				ASSETCATALOG_COMPILER_APPICON_NAME = AppIcon;
				ASSETCATALOG_COMPILER_GLOBAL_ACCENT_COLOR_NAME = AccentColor;
				CODE_SIGN_STYLE = Automatic;
				INFOPLIST_FILE = Parstagram/Info.plist;
				LD_RUNPATH_SEARCH_PATHS = (
					"$(inherited)",
					"@executable_path/Frameworks",
				);
				PRODUCT_BUNDLE_IDENTIFIER = codepath.Parstagram;
				PRODUCT_NAME = "$(TARGET_NAME)";
				SWIFT_VERSION = 5.0;
				TARGETED_DEVICE_FAMILY = "1,2";
			};
			name = Debug;
		};
		CBE7787E260272AF00CAF816 /* Release */ = {
			isa = XCBuildConfiguration;
			baseConfigurationReference = 9A2560D6A5975BC96A396B28 /* Pods-Parstagram.release.xcconfig */;
			buildSettings = {
				ASSETCATALOG_COMPILER_APPICON_NAME = AppIcon;
				ASSETCATALOG_COMPILER_GLOBAL_ACCENT_COLOR_NAME = AccentColor;
				CODE_SIGN_STYLE = Automatic;
				INFOPLIST_FILE = Parstagram/Info.plist;
				LD_RUNPATH_SEARCH_PATHS = (
					"$(inherited)",
					"@executable_path/Frameworks",
				);
				PRODUCT_BUNDLE_IDENTIFIER = codepath.Parstagram;
				PRODUCT_NAME = "$(TARGET_NAME)";
				SWIFT_VERSION = 5.0;
				TARGETED_DEVICE_FAMILY = "1,2";
			};
			name = Release;
		};
		CBE77880260272AF00CAF816 /* Debug */ = {
			isa = XCBuildConfiguration;
			baseConfigurationReference = A02408A5B0C1DDD292CEDB0F /* Pods-ParstagramTests.debug.xcconfig */;
			buildSettings = {
				ALWAYS_EMBED_SWIFT_STANDARD_LIBRARIES = YES;
				BUNDLE_LOADER = "$(TEST_HOST)";
				CODE_SIGN_STYLE = Automatic;
				INFOPLIST_FILE = ParstagramTests/Info.plist;
				IPHONEOS_DEPLOYMENT_TARGET = 14.1;
				LD_RUNPATH_SEARCH_PATHS = (
					"$(inherited)",
					"@executable_path/Frameworks",
					"@loader_path/Frameworks",
				);
				PRODUCT_BUNDLE_IDENTIFIER = codepath.ParstagramTests;
				PRODUCT_NAME = "$(TARGET_NAME)";
				SWIFT_VERSION = 5.0;
				TARGETED_DEVICE_FAMILY = "1,2";
				TEST_HOST = "$(BUILT_PRODUCTS_DIR)/Parstagram.app/Parstagram";
			};
			name = Debug;
		};
		CBE77881260272AF00CAF816 /* Release */ = {
			isa = XCBuildConfiguration;
			baseConfigurationReference = CE4E390566D64E06EA9A24E3 /* Pods-ParstagramTests.release.xcconfig */;
			buildSettings = {
				ALWAYS_EMBED_SWIFT_STANDARD_LIBRARIES = YES;
				BUNDLE_LOADER = "$(TEST_HOST)";
				CODE_SIGN_STYLE = Automatic;
				INFOPLIST_FILE = ParstagramTests/Info.plist;
				IPHONEOS_DEPLOYMENT_TARGET = 14.1;
				LD_RUNPATH_SEARCH_PATHS = (
					"$(inherited)",
					"@executable_path/Frameworks",
					"@loader_path/Frameworks",
				);
				PRODUCT_BUNDLE_IDENTIFIER = codepath.ParstagramTests;
				PRODUCT_NAME = "$(TARGET_NAME)";
				SWIFT_VERSION = 5.0;
				TARGETED_DEVICE_FAMILY = "1,2";
				TEST_HOST = "$(BUILT_PRODUCTS_DIR)/Parstagram.app/Parstagram";
			};
			name = Release;
		};
		CBE77883260272AF00CAF816 /* Debug */ = {
			isa = XCBuildConfiguration;
			baseConfigurationReference = 9C91E4EB9691DC708898172B /* Pods-Parstagram-ParstagramUITests.debug.xcconfig */;
			buildSettings = {
				ALWAYS_EMBED_SWIFT_STANDARD_LIBRARIES = YES;
				CODE_SIGN_STYLE = Automatic;
				INFOPLIST_FILE = ParstagramUITests/Info.plist;
				LD_RUNPATH_SEARCH_PATHS = (
					"$(inherited)",
					"@executable_path/Frameworks",
					"@loader_path/Frameworks",
				);
				PRODUCT_BUNDLE_IDENTIFIER = codepath.ParstagramUITests;
				PRODUCT_NAME = "$(TARGET_NAME)";
				SWIFT_VERSION = 5.0;
				TARGETED_DEVICE_FAMILY = "1,2";
				TEST_TARGET_NAME = Parstagram;
			};
			name = Debug;
		};
		CBE77884260272AF00CAF816 /* Release */ = {
			isa = XCBuildConfiguration;
			baseConfigurationReference = C4034916EA2A7C744E5766A5 /* Pods-Parstagram-ParstagramUITests.release.xcconfig */;
			buildSettings = {
				ALWAYS_EMBED_SWIFT_STANDARD_LIBRARIES = YES;
				CODE_SIGN_STYLE = Automatic;
				INFOPLIST_FILE = ParstagramUITests/Info.plist;
				LD_RUNPATH_SEARCH_PATHS = (
					"$(inherited)",
					"@executable_path/Frameworks",
					"@loader_path/Frameworks",
				);
				PRODUCT_BUNDLE_IDENTIFIER = codepath.ParstagramUITests;
				PRODUCT_NAME = "$(TARGET_NAME)";
				SWIFT_VERSION = 5.0;
				TARGETED_DEVICE_FAMILY = "1,2";
				TEST_TARGET_NAME = Parstagram;
			};
			name = Release;
		};
/* End XCBuildConfiguration section */

/* Begin XCConfigurationList section */
		CBE7784D260272AB00CAF816 /* Build configuration list for PBXProject "Parstagram" */ = {
			isa = XCConfigurationList;
			buildConfigurations = (
				CBE7787A260272AF00CAF816 /* Debug */,
				CBE7787B260272AF00CAF816 /* Release */,
			);
			defaultConfigurationIsVisible = 0;
			defaultConfigurationName = Release;
		};
		CBE7787C260272AF00CAF816 /* Build configuration list for PBXNativeTarget "Parstagram" */ = {
			isa = XCConfigurationList;
			buildConfigurations = (
				CBE7787D260272AF00CAF816 /* Debug */,
				CBE7787E260272AF00CAF816 /* Release */,
			);
			defaultConfigurationIsVisible = 0;
			defaultConfigurationName = Release;
		};
		CBE7787F260272AF00CAF816 /* Build configuration list for PBXNativeTarget "ParstagramTests" */ = {
			isa = XCConfigurationList;
			buildConfigurations = (
				CBE77880260272AF00CAF816 /* Debug */,
				CBE77881260272AF00CAF816 /* Release */,
			);
			defaultConfigurationIsVisible = 0;
			defaultConfigurationName = Release;
		};
		CBE77882260272AF00CAF816 /* Build configuration list for PBXNativeTarget "ParstagramUITests" */ = {
			isa = XCConfigurationList;
			buildConfigurations = (
				CBE77883260272AF00CAF816 /* Debug */,
				CBE77884260272AF00CAF816 /* Release */,
			);
			defaultConfigurationIsVisible = 0;
			defaultConfigurationName = Release;
		};
/* End XCConfigurationList section */
	};
	rootObject = CBE7784A260272AB00CAF816 /* Project object */;
}
